{
  "name": "1temypackage",
  "version": "1.0.0",
  "lockfileVersion": 1,
  "requires": true,
  "dependencies": {
    "temypackage": {
      "version": "1.0.0",
      "resolved": "https://registry.npmjs.org/temypackage/-/temypackage-1.0.0.tgz",
      "integrity": "sha512-NPDbCgyvfpm7PWUuNjTdjFXlvfq2EexoKDUoX2s9K5mH+1wo1S2JDxEyWQdqG6p+ZZMvwDh2DkILKsEJ54rSNg=="
    }
  }
}
